<?xml version="1.0" encoding="utf-8"?>
<Project ToolsVersion="4.0" xmlns="http://schemas.microsoft.com/developer/msbuild/2003">
  <ItemGroup>
    <Filter Include="Source Files">
      <UniqueIdentifier>{4FC737F1-C7A5-4376-A066-2A32D752A2FF}</UniqueIdentifier>
      <Extensions>cpp;c;cc;cxx;def;odl;idl;hpj;bat;asm;asmx</Extensions>
    </Filter>
    <Filter Include="Header Files">
      <UniqueIdentifier>{93995380-89BD-4b04-88EB-625FBE52EBFB}</UniqueIdentifier>
      <Extensions>h;hh;hpp;hxx;hm;inl;inc;xsd</Extensions>
    </Filter>
    <Filter Include="Resource Files">
      <UniqueIdentifier>{D9D6E242-F8AF-46E4-B9FD-80ECBC20BA3E}</UniqueIdentifier>
      <Extensions>qrc;*</Extensions>
      <ParseFiles>false</ParseFiles>
    </Filter>
    <Filter Include="Resource Files">
      <UniqueIdentifier>{D9D6E242-F8AF-46E4-B9FD-80ECBC20BA3E}</UniqueIdentifier>
      <Extensions>qrc;*</Extensions>
      <ParseFiles>false</ParseFiles>
    </Filter>
    <Filter Include="Generated Files">
      <UniqueIdentifier>{71ED8ED8-ACB9-4CE9-BBE1-E00B30144E11}</UniqueIdentifier>
      <Extensions>moc;h;cpp</Extensions>
      <SourceControlFiles>False</SourceControlFiles>
    </Filter>
    <Filter Include="Core">
      <UniqueIdentifier>{b04d6534-2aa5-4c72-bbf3-26536a75beb0}</UniqueIdentifier>
    </Filter>
    <Filter Include="Interfaces">
      <UniqueIdentifier>{1d00402d-64b7-46c7-b011-f5cdf1382138}</UniqueIdentifier>
    </Filter>
    <Filter Include="Network">
      <UniqueIdentifier>{3525a426-cc5f-46f5-af42-1f788feb86fc}</UniqueIdentifier>
    </Filter>
    <Filter Include="Tools">
      <UniqueIdentifier>{2c11fea6-060a-47cd-a871-49fc0e5be6c7}</UniqueIdentifier>
    </Filter>
    <Filter Include="Windows">
      <UniqueIdentifier>{4d2b21b0-3bc5-4174-92d0-2d2e623f48e5}</UniqueIdentifier>
    </Filter>
    <Filter Include="Custom Types">
      <UniqueIdentifier>{4ef844ed-d049-45fc-a90d-0ccae259a894}</UniqueIdentifier>
    </Filter>
    <Filter Include="Windows\Login">
      <UniqueIdentifier>{56a690c6-0d0a-41ea-84ae-1c3e719cba16}</UniqueIdentifier>
    </Filter>
    <Filter Include="Windows\Player">
      <UniqueIdentifier>{aa039a77-a206-4f7d-8181-bbb8ed406bd9}</UniqueIdentifier>
    </Filter>
    <Filter Include="Custom Types\FWindow">
      <UniqueIdentifier>{3f5fd342-a9b1-467a-babd-8ae293f9d516}</UniqueIdentifier>
    </Filter>
    <Filter Include="Custom Types\ImageProvider">
      <UniqueIdentifier>{463c5239-5ca0-4fd7-b165-8a57bc5adbf7}</UniqueIdentifier>
    </Filter>
    <Filter Include="Tools\Table">
      <UniqueIdentifier>{287f9ac7-408b-4983-99e7-fa5f3adb6cf8}</UniqueIdentifier>
    </Filter>
    <Filter Include="Custom Types\ListViewModels">
      <UniqueIdentifier>{01d97848-6747-4cf8-b423-59c51f6fcfb0}</UniqueIdentifier>
    </Filter>
    <Filter Include="Custom Types\ListViewModels\Grid">
      <UniqueIdentifier>{22eeb7f3-cdfb-45b8-afdf-f974edfc0096}</UniqueIdentifier>
    </Filter>
    <Filter Include="Custom Types\ListViewModels\Horizontal">
      <UniqueIdentifier>{39b9e928-6d04-4bb8-a7a0-8859ca5483eb}</UniqueIdentifier>
    </Filter>
    <Filter Include="Custom Types\ListViewModels\Vertical">
      <UniqueIdentifier>{49f7d1f7-1fbd-4994-8477-236749e50811}</UniqueIdentifier>
    </Filter>
    <Filter Include="Custom Types\ListViewModels\Horizontal\Type 1">
      <UniqueIdentifier>{d0ba49b5-c29d-4033-95ef-5ddb59c770c6}</UniqueIdentifier>
    </Filter>
    <Filter Include="Custom Types\ListViewModels\Horizontal\Type 1\List">
      <UniqueIdentifier>{44542ea8-6c90-4c42-b1ac-7f9c9a6ec1c0}</UniqueIdentifier>
    </Filter>
    <Filter Include="Custom Types\ListViewModels\Horizontal\Type 1\Model">
      <UniqueIdentifier>{814b97bc-b71b-4ca8-af5c-e4f2458ec3f6}</UniqueIdentifier>
    </Filter>
    <Filter Include="Window Manager">
      <UniqueIdentifier>{7e4c284f-b3b4-4da3-a9ea-cbbfe1e814c9}</UniqueIdentifier>
    </Filter>
    <Filter Include="Log System">
      <UniqueIdentifier>{7aff32c4-1fa4-47c1-a4ef-4a7aad1b6002}</UniqueIdentifier>
    </Filter>
    <Filter Include="Custom Types\ListViewModels\Horizontal\Type 1\Section">
      <UniqueIdentifier>{499b017e-93cd-4c6a-8035-76c6a4dfd01a}</UniqueIdentifier>
    </Filter>
  </ItemGroup>
  <ItemGroup>
    <QtRcc Include="Resources.qrc">
      <Filter>Resource Files</Filter>
    </QtRcc>
  </ItemGroup>
  <ItemGroup>
    <ClCompile Include="main.cpp" />
    <ClCompile Include="StdAfx.cpp">
      <Filter>Source Files</Filter>
    </ClCompile>
    <ClCompile Include="SourceFiles\LogSystem\LogSystem.cpp">
      <Filter>Source Files</Filter>
    </ClCompile>
    <ClCompile Include="SourceFiles\Tools\Table\Table.cpp">
      <Filter>Source Files</Filter>
    </ClCompile>
    <ClCompile Include="SourceFiles\Core\Core.cpp">
      <Filter>Source Files</Filter>
    </ClCompile>
    <ClCompile Include="SourceFiles\Network\Socket\Socket.cpp">
      <Filter>Source Files</Filter>
    </ClCompile>
    <ClCompile Include="SourceFiles\Custom Types\ImageProvider\ImageProvider.cpp">
      <Filter>Source Files</Filter>
    </ClCompile>
    <ClCompile Include="SourceFiles\MediaPlayer\MediaPlayer.cpp">
      <Filter>Source Files</Filter>
    </ClCompile>
    <ClCompile Include="SourceFiles\Custom Types\FWindow\FWindow.cpp">
      <Filter>Source Files</Filter>
    </ClCompile>
    <ClCompile Include="SourceFiles\Custom Types\Items\UnblockedMouseArea\UnblockedMouseArea.cpp">
      <Filter>Source Files</Filter>
    </ClCompile>
    <ClCompile Include="SourceFiles\ManagerMediaPlayer\ManagerMediaPlayer.cpp">
      <Filter>Source Files</Filter>
    </ClCompile>
    <ClCompile Include="SourceFiles\Playlist\Playlist.cpp">
      <Filter>Source Files</Filter>
    </ClCompile>
    <ClCompile Include="SourceFiles\Tools\TagEditer\TagEditer.cpp">
      <Filter>Source Files</Filter>
    </ClCompile>
    <ClCompile Include="SourceFiles\Windows Manager\WindowManager.cpp">
      <Filter>Source Files</Filter>
    </ClCompile>
    <ClCompile Include="SourceFiles\Windows\Login\Screens\Registration\Sections\RegistrationSection\RegistrationSection.cpp">
      <Filter>Source Files</Filter>
    </ClCompile>
    <ClCompile Include="SourceFiles\Windows\Login\Screens\Registration\RegistrationScreen.cpp">
      <Filter>Source Files</Filter>
    </ClCompile>
    <ClCompile Include="SourceFiles\Windows\Login\Login.cpp">
      <Filter>Source Files</Filter>
    </ClCompile>
    <ClCompile Include="SourceFiles\Windows\Player\Screens\ListSongsScreen\Sections\FooterPanel\FooterPanel.cpp">
      <Filter>Source Files</Filter>
    </ClCompile>
    <ClCompile Include="SourceFiles\Windows\Player\Screens\ListSongsScreen\Sections\ListSongsSection\ListSongsSection.cpp">
      <Filter>Source Files</Filter>
    </ClCompile>
    <ClCompile Include="SourceFiles\Windows\Player\Screens\ListSongsScreen\ListSongsScreen.cpp">
      <Filter>Source Files</Filter>
    </ClCompile>
    <ClCompile Include="SourceFiles\Windows\Player\Player.cpp">
      <Filter>Source Files</Filter>
    </ClCompile>
    <ClCompile Include="SourceFiles\Custom Types\ListViewModels\Vertical\Type 1\ImageLoader\ImageLoader.cpp">
      <Filter>Source Files</Filter>
    </ClCompile>
    <ClCompile Include="SourceFiles\Custom Types\ListViewModels\Vertical\Type 1\List\Ver1List.cpp">
      <Filter>Source Files</Filter>
    </ClCompile>
    <ClCompile Include="SourceFiles\Custom Types\ListViewModels\Vertical\Type 1\Model\Ver1Model.cpp">
      <Filter>Source Files</Filter>
    </ClCompile>
    <ClCompile Include="Settings\Settings.cpp">
      <Filter>Source Files</Filter>
    </ClCompile>
    <ClCompile Include="Settings\Chapters\ChapterUser\ChapterUser.cpp">
      <Filter>Source Files</Filter>
    </ClCompile>
    <ClCompile Include="Settings\Chapters\ChapterMediaPlayer\ChapterMediaPlayer.cpp">
      <Filter>Source Files</Filter>
    </ClCompile>
    <ClCompile Include="Settings\Chapters\ChapterSortTables\ChapterSortTables.cpp">
      <Filter>Source Files</Filter>
    </ClCompile>
    <ClCompile Include="SourceFiles\Windows\Player\Screens\ListSongsScreen\Sections\SortListSection\SortListSection.cpp">
      <Filter>Source Files</Filter>
    </ClCompile>
  </ItemGroup>
  <ItemGroup>
    <None Include="settings.ini" />
  </ItemGroup>
  <ItemGroup>
    <ClInclude Include="StdAfx.h">
      <Filter>Header Files</Filter>
    </ClInclude>
    <ClInclude Include="SourceFiles\LogSystem\LogSystem.h">
      <Filter>Header Files</Filter>
    </ClInclude>
    <ClInclude Include="SourceFiles\Tools\Table\Table.h">
      <Filter>Header Files</Filter>
    </ClInclude>
    <ClInclude Include="SourceFiles\Tools\Query.h">
      <Filter>Header Files</Filter>
    </ClInclude>
    <ClInclude Include="SourceFiles\Tools\EParams.h">
      <Filter>Header Files</Filter>
    </ClInclude>
    <ClInclude Include="SourceFiles\Custom Types\ImageProvider\ImageProvider.h">
      <Filter>Header Files</Filter>
    </ClInclude>
    <ClInclude Include="SourceFiles\Tools\BaseTypes.h">
      <Filter>Header Files</Filter>
    </ClInclude>
    <ClInclude Include="SourceFiles\Tools\TagEditer\TagEditer.h">
      <Filter>Header Files</Filter>
    </ClInclude>
  </ItemGroup>
  <ItemGroup>
    <QtMoc Include="SourceFiles\Core\Core.h">
      <Filter>Header Files</Filter>
    </QtMoc>
    <QtMoc Include="SourceFiles\Network\Socket\Socket.h">
      <Filter>Header Files</Filter>
    </QtMoc>
    <QtMoc Include="SourceFiles\Interfaces\INetwork.h">
      <Filter>Header Files</Filter>
    </QtMoc>
    <QtMoc Include="SourceFiles\Interfaces\INetworkManager.h">
      <Filter>Header Files</Filter>
    </QtMoc>
    <QtMoc Include="SourceFiles\Interfaces\IScreen.h">
      <Filter>Header Files</Filter>
    </QtMoc>
    <QtMoc Include="SourceFiles\Interfaces\ISection.h">
      <Filter>Header Files</Filter>
    </QtMoc>
    <QtMoc Include="SourceFiles\Interfaces\ISectionListView.h">
      <Filter>Header Files</Filter>
    </QtMoc>
    <QtMoc Include="SourceFiles\Interfaces\ISectionObject.h">
      <Filter>Header Files</Filter>
    </QtMoc>
    <QtMoc Include="SourceFiles\Interfaces\IWindow.h">
      <Filter>Header Files</Filter>
    </QtMoc>
    <QtMoc Include="SourceFiles\Interfaces\IMediaPlayer.h">
      <Filter>Header Files</Filter>
    </QtMoc>
    <QtMoc Include="SourceFiles\MediaPlayer\MediaPlayer.h">
      <Filter>Header Files</Filter>
    </QtMoc>
    <QtMoc Include="SourceFiles\Custom Types\FWindow\FWindow.h">
      <Filter>Header Files</Filter>
    </QtMoc>
    <QtMoc Include="SourceFiles\Custom Types\Items\UnblockedMouseArea\UnblockedMouseArea.h">
      <Filter>Header Files</Filter>
    </QtMoc>
    <QtMoc Include="SourceFiles\ManagerMediaPlayer\ManagerMediaPlayer.h">
      <Filter>Header Files</Filter>
    </QtMoc>
    <QtMoc Include="SourceFiles\Playlist\Playlist.h">
      <Filter>Header Files</Filter>
    </QtMoc>
    <QtMoc Include="SourceFiles\Interfaces\IPlaylist.h">
      <Filter>Header Files</Filter>
    </QtMoc>
    <QtMoc Include="SourceFiles\Windows Manager\WindowManager.h">
      <Filter>Header Files</Filter>
    </QtMoc>
    <QtMoc Include="SourceFiles\Windows\Login\Screens\Registration\Sections\RegistrationSection\RegistrationSection.h">
      <Filter>Header Files</Filter>
    </QtMoc>
    <QtMoc Include="SourceFiles\Windows\Login\Screens\Registration\RegistrationScreen.h">
      <Filter>Header Files</Filter>
    </QtMoc>
    <QtMoc Include="SourceFiles\Windows\Login\Login.h">
      <Filter>Header Files</Filter>
    </QtMoc>
    <QtMoc Include="SourceFiles\Windows\Player\Screens\ListSongsScreen\Sections\FooterPanel\FooterPanel.h">
      <Filter>Header Files</Filter>
    </QtMoc>
    <QtMoc Include="SourceFiles\Windows\Player\Screens\ListSongsScreen\Sections\ListSongsSection\ListSongsSection.h">
      <Filter>Header Files</Filter>
    </QtMoc>
    <QtMoc Include="SourceFiles\Windows\Player\Screens\ListSongsScreen\ListSongsScreen.h">
      <Filter>Header Files</Filter>
    </QtMoc>
    <QtMoc Include="SourceFiles\Windows\Player\Player.h">
      <Filter>Header Files</Filter>
    </QtMoc>
    <QtMoc Include="SourceFiles\Custom Types\ListViewModels\Vertical\Type 1\ImageLoader\ImageLoader.h">
      <Filter>Header Files</Filter>
    </QtMoc>
    <QtMoc Include="SourceFiles\Custom Types\ListViewModels\Vertical\Type 1\List\Ver1List.h">
      <Filter>Header Files</Filter>
    </QtMoc>
    <QtMoc Include="SourceFiles\Custom Types\ListViewModels\Vertical\Type 1\Model\Ver1Model.h">
      <Filter>Header Files</Filter>
    </QtMoc>
    <QtMoc Include="Settings\Settings.h">
      <Filter>Header Files</Filter>
    </QtMoc>
    <QtMoc Include="Settings\Chapters\ChapterUser\ChapterUser.h">
      <Filter>Header Files</Filter>
    </QtMoc>
    <QtMoc Include="Settings\Chapters\ChapterMediaPlayer\ChapterMediaPlayer.h">
      <Filter>Header Files</Filter>
    </QtMoc>
    <QtMoc Include="Settings\Chapters\ChapterSortTables\ChapterSortTables.h">
      <Filter>Header Files</Filter>
    </QtMoc>
    <QtMoc Include="SourceFiles\Interfaces\IChapter.h">
      <Filter>Header Files</Filter>
    </QtMoc>
    <QtMoc Include="SourceFiles\Windows\Player\Screens\ListSongsScreen\Sections\SortListSection\SortListSection.h">
      <Filter>Header Files</Filter>
    </QtMoc>
  </ItemGroup>
</Project>